
Microsoft Visual Studio Solution File, Format Version 12.00
# Visual Studio 15
VisualStudioVersion = 15.0.28010.2050
MinimumVisualStudioVersion = 10.0.40219.1
Project("{9A19103F-16F7-4668-BE54-9A1E7A4F7556}") = "PlayersAPI", "PlayersAPI\PlayersAPI.csproj", "{C519F790-EF6E-4AD5-BA8B-769330822744}"
EndProject
Project("{FAE04EC0-301F-11D3-BF4B-00C04F79EFBC}") = "PlayersAPITest", "PlayersAPITest\PlayersAPITest.csproj", "{4DFE4746-4417-462B-A59A-E7792C932835}"
EndProject
Global
	GlobalSection(SolutionConfigurationPlatforms) = preSolution
		Debug|Any CPU = Debug|Any CPU
		Release|Any CPU = Release|Any CPU
	EndGlobalSection
	GlobalSection(ProjectConfigurationPlatforms) = postSolution
		{C519F790-EF6E-4AD5-BA8B-769330822744}.Debug|Any CPU.ActiveCfg = Debug|Any CPU
		{C519F790-EF6E-4AD5-BA8B-769330822744}.Debug|Any CPU.Build.0 = Debug|Any CPU
		{C519F790-EF6E-4AD5-BA8B-769330822744}.Release|Any CPU.ActiveCfg = Release|Any CPU
		{C519F790-EF6E-4AD5-BA8B-769330822744}.Release|Any CPU.Build.0 = Release|Any CPU
		{4DFE4746-4417-462B-A59A-E7792C932835}.Debug|Any CPU.ActiveCfg = Debug|Any CPU
		{4DFE4746-4417-462B-A59A-E7792C932835}.Debug|Any CPU.Build.0 = Debug|Any CPU
		{4DFE4746-4417-462B-A59A-E7792C932835}.Release|Any CPU.ActiveCfg = Release|Any CPU
		{4DFE4746-4417-462B-A59A-E7792C932835}.Release|Any CPU.Build.0 = Release|Any CPU
	EndGlobalSection
	GlobalSection(SolutionProperties) = preSolution
		HideSolutionNode = FALSE
	EndGlobalSection
	GlobalSection(ExtensibilityGlobals) = postSolution
		SolutionGuid = {E80EBF68-831E-4D11-A083-EC3FBD4850E6}
	EndGlobalSection
EndGlobal
